<?xml version="1.0" encoding="utf-8"?>
<Project ToolsVersion="4.0" xmlns="http://schemas.microsoft.com/developer/msbuild/2003">
  <ItemGroup>
    <Filter Include="源文件">
      <UniqueIdentifier>{4FC737F1-C7A5-4376-A066-2A32D752A2FF}</UniqueIdentifier>
      <Extensions>cpp;c;cc;cxx;def;odl;idl;hpj;bat;asm;asmx</Extensions>
    </Filter>
    <Filter Include="头文件">
      <UniqueIdentifier>{93995380-89BD-4b04-88EB-625FBE52EBFB}</UniqueIdentifier>
      <Extensions>h;hh;hpp;hxx;hm;inl;inc;xsd</Extensions>
    </Filter>
    <Filter Include="资源文件">
      <UniqueIdentifier>{67DA6AB6-F800-4c08-8B7A-83BB121AAD01}</UniqueIdentifier>
      <Extensions>rc;ico;cur;bmp;dlg;rc2;rct;bin;rgs;gif;jpg;jpeg;jpe;resx;tiff;tif;png;wav;mfcribbon-ms</Extensions>
    </Filter>
  </ItemGroup>
  <ItemGroup>
    <Text Include="ReadMe.txt" />
  </ItemGroup>
  <ItemGroup>
    <ClInclude Include="ImageProcess.h">
      <Filter>头文件</Filter>
    </ClInclude>
    <ClInclude Include="stdafx.h">
      <Filter>头文件</Filter>
    </ClInclude>
    <ClInclude Include="targetver.h">
      <Filter>头文件</Filter>
    </ClInclude>
    <ClInclude Include="MainFrm.h">
      <Filter>头文件</Filter>
    </ClInclude>
    <ClInclude Include="ImageProcessDoc.h">
      <Filter>头文件</Filter>
    </ClInclude>
    <ClInclude Include="ImageProcessView.h">
      <Filter>头文件</Filter>
    </ClInclude>
    <ClInclude Include="Resource.h">
      <Filter>头文件</Filter>
    </ClInclude>
    <ClInclude Include="WriteCharDlg.h">
      <Filter>头文件</Filter>
    </ClInclude>
    <ClInclude Include="InterpolationDlg.h">
      <Filter>头文件</Filter>
    </ClInclude>
    <ClInclude Include="RotateDlg.h">
      <Filter>头文件</Filter>
    </ClInclude>
    <ClInclude Include="HelpDlg.h">
      <Filter>头文件</Filter>
    </ClInclude>
    <ClInclude Include="BmpCommonOp.h">
      <Filter>头文件</Filter>
    </ClInclude>
    <ClInclude Include="HistogramDlg.h">
      <Filter>头文件</Filter>
    </ClInclude>
    <ClInclude Include="FilterDlg.h">
      <Filter>头文件</Filter>
    </ClInclude>
    <ClInclude Include="Common.h">
      <Filter>头文件</Filter>
    </ClInclude>
    <ClInclude Include="HighBoostFilterDlg.h">
      <Filter>头文件</Filter>
    </ClInclude>
    <ClInclude Include="Fourier.h">
      <Filter>头文件</Filter>
    </ClInclude>
    <ClInclude Include="FrequencyDlg.h">
      <Filter>头文件</Filter>
    </ClInclude>
    <ClInclude Include="CommonDlg.h">
      <Filter>头文件</Filter>
    </ClInclude>
    <ClInclude Include="ImproveDlg.h">
      <Filter>头文件</Filter>
    </ClInclude>
    <ClInclude Include="UserDlg.h">
      <Filter>头文件</Filter>
    </ClInclude>
  </ItemGroup>
  <ItemGroup>
    <ClCompile Include="ImageProcess.cpp">
      <Filter>源文件</Filter>
    </ClCompile>
    <ClCompile Include="stdafx.cpp">
      <Filter>源文件</Filter>
    </ClCompile>
    <ClCompile Include="MainFrm.cpp">
      <Filter>源文件</Filter>
    </ClCompile>
    <ClCompile Include="ImageProcessDoc.cpp">
      <Filter>源文件</Filter>
    </ClCompile>
    <ClCompile Include="ImageProcessView.cpp">
      <Filter>源文件</Filter>
    </ClCompile>
    <ClCompile Include="WriteCharDlg.cpp">
      <Filter>源文件</Filter>
    </ClCompile>
    <ClCompile Include="InterpolationDlg.cpp">
      <Filter>源文件</Filter>
    </ClCompile>
    <ClCompile Include="RotateDlg.cpp">
      <Filter>源文件</Filter>
    </ClCompile>
    <ClCompile Include="HelpDlg.cpp">
      <Filter>源文件</Filter>
    </ClCompile>
    <ClCompile Include="BmpCommonOp.cpp">
      <Filter>源文件</Filter>
    </ClCompile>
    <ClCompile Include="HistogramDlg.cpp">
      <Filter>源文件</Filter>
    </ClCompile>
    <ClCompile Include="FilterDlg.cpp">
      <Filter>源文件</Filter>
    </ClCompile>
    <ClCompile Include="Common.cpp">
      <Filter>源文件</Filter>
    </ClCompile>
    <ClCompile Include="HighBoostFilterDlg.cpp">
      <Filter>源文件</Filter>
    </ClCompile>
    <ClCompile Include="Fourier.cpp">
      <Filter>源文件</Filter>
    </ClCompile>
    <ClCompile Include="FrequencyDlg.cpp">
      <Filter>源文件</Filter>
    </ClCompile>
    <ClCompile Include="CommonDlg.cpp">
      <Filter>源文件</Filter>
    </ClCompile>
    <ClCompile Include="ImproveDlg.cpp">
      <Filter>源文件</Filter>
    </ClCompile>
    <ClCompile Include="UserDlg.cpp">
      <Filter>源文件</Filter>
    </ClCompile>
  </ItemGroup>
  <ItemGroup>
    <ResourceCompile Include="ImageProcess.rc">
      <Filter>资源文件</Filter>
    </ResourceCompile>
  </ItemGroup>
  <ItemGroup>
    <None Include="res\ImageProcess.rc2">
      <Filter>资源文件</Filter>
    </None>
  </ItemGroup>
  <ItemGroup>
    <Image Include="res\ImageProcessDoc.ico">
      <Filter>资源文件</Filter>
    </Image>
    <Image Include="res\ImageProcess.ico">
      <Filter>资源文件</Filter>
    </Image>
    <Image Include="res\Toolbar.bmp">
      <Filter>资源文件</Filter>
    </Image>
  </ItemGroup>
</Project>